// !$*UTF8*$!
{
	archiveVersion = 1;
	classes = {
	};
	objectVersion = 46;
	objects = {

/* Begin PBXBuildFile section */
		0F367E0C1D761BE800D7EA1E /* main.swift in Sources */ = {isa = PBXBuildFile; fileRef = 0F367E0B1D761BE800D7EA1E /* main.swift */; };
		0F367E141D761CE300D7EA1E /* card.swift in Sources */ = {isa = PBXBuildFile; fileRef = 0F367E131D761CE300D7EA1E /* card.swift */; };
		0F367E161D76253D00D7EA1E /* extensions.swift in Sources */ = {isa = PBXBuildFile; fileRef = 0F367E151D76253D00D7EA1E /* extensions.swift */; };
		0F367E181D76297F00D7EA1E /* player.swift in Sources */ = {isa = PBXBuildFile; fileRef = 0F367E171D76297F00D7EA1E /* player.swift */; };
/* End PBXBuildFile section */

/* Begin PBXFileReference section */
		0F367E081D761BE800D7EA1E /* Crazy8s.app */ = {isa = PBXFileReference; explicitFileType = wrapper.application; includeInIndex = 0; path = Crazy8s.app; sourceTree = BUILT_PRODUCTS_DIR; };
		0F367E0B1D761BE800D7EA1E /* main.swift */ = {isa = PBXFileReference; lastKnownFileType = sourcecode.swift; path = main.swift; sourceTree = "<group>"; };
		0F367E0D1D761BE800D7EA1E /* Info.plist */ = {isa = PBXFileReference; lastKnownFileType = text.plist.xml; path = Info.plist; sourceTree = "<group>"; };
		0F367E131D761CE300D7EA1E /* card.swift */ = {isa = PBXFileReference; fileEncoding = 4; lastKnownFileType = sourcecode.swift; path = card.swift; sourceTree = "<group>"; };
		0F367E151D76253D00D7EA1E /* extensions.swift */ = {isa = PBXFileReference; fileEncoding = 4; lastKnownFileType = sourcecode.swift; path = extensions.swift; sourceTree = "<group>"; };
		0F367E171D76297F00D7EA1E /* player.swift */ = {isa = PBXFileReference; fileEncoding = 4; lastKnownFileType = sourcecode.swift; path = player.swift; sourceTree = "<group>"; };
/* End PBXFileReference section */

/* Begin PBXFrameworksBuildPhase section */
		0F367E061D761BE800D7EA1E /* Frameworks */ = {
			isa = PBXFrameworksBuildPhase;
			buildActionMask = 2147483647;
			files = (
			);
			runOnlyForDeploymentPostprocessing = 0;
		};
/* End PBXFrameworksBuildPhase section */

/* Begin PBXGroup section */
		0F367E001D761BE800D7EA1E = {
			isa = PBXGroup;
			children = (
				0F367E0A1D761BE800D7EA1E /* Crazy8s */,
				0F367E091D761BE800D7EA1E /* Products */,
			);
			sourceTree = "<group>";
		};
		0F367E091D761BE800D7EA1E /* Products */ = {
			isa = PBXGroup;
			children = (
				0F367E081D761BE800D7EA1E /* Crazy8s.app */,
			);
			name = Products;
			sourceTree = "<group>";
		};
		0F367E0A1D761BE800D7EA1E /* Crazy8s */ = {
			isa = PBXGroup;
			children = (
				0F367E0B1D761BE800D7EA1E /* main.swift */,
				0F367E0D1D761BE800D7EA1E /* Info.plist */,
				0F367E131D761CE300D7EA1E /* card.swift */,
				0F367E151D76253D00D7EA1E /* extensions.swift */,
				0F367E171D76297F00D7EA1E /* player.swift */,
			);
			path = Crazy8s;
			sourceTree = "<group>";
		};
/* End PBXGroup section */

/* Begin PBXNativeTarget section */
		0F367E071D761BE800D7EA1E /* Crazy8s */ = {
			isa = PBXNativeTarget;
			buildConfigurationList = 0F367E101D761BE800D7EA1E /* Build configuration list for PBXNativeTarget "Crazy8s" */;
			buildPhases = (
				0F367E051D761BE800D7EA1E /* Sources */,
				0F367E061D761BE800D7EA1E /* Frameworks */,
			);
			buildRules = (
			);
			dependencies = (
			);
			name = Crazy8s;
			productName = Crazy8s;
			productReference = 0F367E081D761BE800D7EA1E /* Crazy8s.app */;
			productType = "com.apple.product-type.application";
		};
/* End PBXNativeTarget section */

/* Begin PBXProject section */
		0F367E011D761BE800D7EA1E /* Project object */ = {
			isa = PBXProject;
			attributes = {
				LastSwiftUpdateCheck = 0730;
				LastUpgradeCheck = 0730;
				ORGANIZATIONNAME = "Ron Olson";
				TargetAttributes = {
					0F367E071D761BE800D7EA1E = {
						CreatedOnToolsVersion = 7.3.1;
					};
				};
			};
			buildConfigurationList = 0F367E041D761BE800D7EA1E /* Build configuration list for PBXProject "Crazy8s" */;
			compatibilityVersion = "Xcode 3.2";
			developmentRegion = English;
			hasScannedForEncodings = 0;
			knownRegions = (
				en,
			);
			mainGroup = 0F367E001D761BE800D7EA1E;
			productRefGroup = 0F367E091D761BE800D7EA1E /* Products */;
			projectDirPath = "";
			projectRoot = "";
			targets = (
				0F367E071D761BE800D7EA1E /* Crazy8s */,
			);
		};
/* End PBXProject section */

/* Begin PBXSourcesBuildPhase section */
		0F367E051D761BE800D7EA1E /* Sources */ = {
			isa = PBXSourcesBuildPhase;
			buildActionMask = 2147483647;
			files = (
				0F367E181D76297F00D7EA1E /* player.swift in Sources */,
				0F367E0C1D761BE800D7EA1E /* main.swift in Sources */,
				0F367E141D761CE300D7EA1E /* card.swift in Sources */,
				0F367E161D76253D00D7EA1E /* extensions.swift in Sources */,
			);
			runOnlyForDeploymentPostprocessing = 0;
		};
/* End PBXSourcesBuildPhase section */

/* Begin XCBuildConfiguration section */
		0F367E0E1D761BE800D7EA1E /* Debug */ = {
			isa = XCBuildConfiguration;
			buildSettings = {
				ALWAYS_SEARCH_USER_PATHS = NO;
				CLANG_CXX_LANGUAGE_STANDARD = "gnu++0x";
				CLANG_CXX_LIBRARY = "libc++";
				CLANG_ENABLE_MODULES = YES;
				CLANG_ENABLE_OBJC_ARC = YES;
				CLANG_WARN_BOOL_CONVERSION = YES;
				CLANG_WARN_CONSTANT_CONVERSION = YES;
				CLANG_WARN_DIRECT_OBJC_ISA_USAGE = YES_ERROR;
				CLANG_WARN_EMPTY_BODY = YES;
				CLANG_WARN_ENUM_CONVERSION = YES;
				CLANG_WARN_INT_CONVERSION = YES;
				CLANG_WARN_OBJC_ROOT_CLASS = YES_ERROR;
				CLANG_WARN_UNREACHABLE_CODE = YES;
				CLANG_WARN__DUPLICATE_METHOD_MATCH = YES;
				CODE_SIGN_IDENTITY = "-";
				COPY_PHASE_STRIP = NO;
				DEBUG_INFORMATION_FORMAT = dwarf;
				ENABLE_STRICT_OBJC_MSGSEND = YES;
				ENABLE_TESTABILITY = YES;
				GCC_C_LANGUAGE_STANDARD = gnu99;
				GCC_DYNAMIC_NO_PIC = NO;
				GCC_NO_COMMON_BLOCKS = YES;
				GCC_OPTIMIZATION_LEVEL = 0;
				GCC_PREPROCESSOR_DEFINITIONS = (
					"DEBUG=1",
					"$(inherited)",
				);
				GCC_WARN_64_TO_32_BIT_CONVERSION = YES;
				GCC_WARN_ABOUT_RETURN_TYPE = YES_ERROR;
				GCC_WARN_UNDECLARED_SELECTOR = YES;
				GCC_WARN_UNINITIALIZED_AUTOS = YES_AGGRESSIVE;
				GCC_WARN_UNUSED_FUNCTION = YES;
				GCC_WARN_UNUSED_VARIABLE = YES;
				MACOSX_DEPLOYMENT_TARGET = 10.11;
				MTL_ENABLE_DEBUG_INFO = YES;
				ONLY_ACTIVE_ARCH = YES;
				SDKROOT = macosx;
			};
			name = Debug;
		};
		0F367E0F1D761BE800D7EA1E /* Release */ = {
			isa = XCBuildConfiguration;
			buildSettings = {
				ALWAYS_SEARCH_USER_PATHS = NO;
				CLANG_CXX_LANGUAGE_STANDARD = "gnu++0x";
				CLANG_CXX_LIBRARY = "libc++";
				CLANG_ENABLE_MODULES = YES;
				CLANG_ENABLE_OBJC_ARC = YES;
				CLANG_WARN_BOOL_CONVERSION = YES;
				CLANG_WARN_CONSTANT_CONVERSION = YES;
				CLANG_WARN_DIRECT_OBJC_ISA_USAGE = YES_ERROR;
				CLANG_WARN_EMPTY_BODY = YES;
				CLANG_WARN_ENUM_CONVERSION = YES;
				CLANG_WARN_INT_CONVERSION = YES;
				CLANG_WARN_OBJC_ROOT_CLASS = YES_ERROR;
				CLANG_WARN_UNREACHABLE_CODE = YES;
				CLANG_WARN__DUPLICATE_METHOD_MATCH = YES;
				CODE_SIGN_IDENTITY = "-";
				COPY_PHASE_STRIP = NO;
				DEBUG_INFORMATION_FORMAT = "dwarf-with-dsym";
				ENABLE_NS_ASSERTIONS = NO;
				ENABLE_STRICT_OBJC_MSGSEND = YES;
				GCC_C_LANGUAGE_STANDARD = gnu99;
				GCC_NO_COMMON_BLOCKS = YES;
				GCC_WARN_64_TO_32_BIT_CONVERSION = YES;
				GCC_WARN_ABOUT_RETURN_TYPE = YES_ERROR;
				GCC_WARN_UNDECLARED_SELECTOR = YES;
				GCC_WARN_UNINITIALIZED_AUTOS = YES_AGGRESSIVE;
				GCC_WARN_UNUSED_FUNCTION = YES;
				GCC_WARN_UNUSED_VARIABLE = YES;
				MACOSX_DEPLOYMENT_TARGET = 10.11;
				MTL_ENABLE_DEBUG_INFO = NO;
				SDKROOT = macosx;
			};
			name = Release;
		};
		0F367E111D761BE800D7EA1E /* Debug */ = {
			isa = XCBuildConfiguration;
			buildSettings = {
				GCC_PREPROCESSOR_DEFINITIONS = "";
				INFOPLIST_FILE = Crazy8s/Info.plist;
				LD_RUNPATH_SEARCH_PATHS = "$(inherited) @executable_path/Frameworks @executable_path/../Frameworks";
				OTHER_SWIFT_FLAGS = "-DDEBUG";
				PRODUCT_BUNDLE_IDENTIFIER = com.manhattansurface.Crazy8s;
				PRODUCT_NAME = "$(TARGET_NAME)";
			};
			name = Debug;
		};
		0F367E121D761BE800D7EA1E /* Release */ = {
			isa = XCBuildConfiguration;
			buildSettings = {
				GCC_PREPROCESSOR_DEFINITIONS = "";
				INFOPLIST_FILE = Crazy8s/Info.plist;
				LD_RUNPATH_SEARCH_PATHS = "$(inherited) @executable_path/Frameworks @executable_path/../Frameworks";
				OTHER_SWIFT_FLAGS = "-DDEBUG";
				PRODUCT_BUNDLE_IDENTIFIER = com.manhattansurface.Crazy8s;
				PRODUCT_NAME = "$(TARGET_NAME)";
			};
			name = Release;
		};
/* End XCBuildConfiguration section */

/* Begin XCConfigurationList section */
		0F367E041D761BE800D7EA1E /* Build configuration list for PBXProject "Crazy8s" */ = {
			isa = XCConfigurationList;
			buildConfigurations = (
				0F367E0E1D761BE800D7EA1E /* Debug */,
				0F367E0F1D761BE800D7EA1E /* Release */,
			);
			defaultConfigurationIsVisible = 0;
			defaultConfigurationName = Release;
		};
		0F367E101D761BE800D7EA1E /* Build configuration list for PBXNativeTarget "Crazy8s" */ = {
			isa = XCConfigurationList;
			buildConfigurations = (
				0F367E111D761BE800D7EA1E /* Debug */,
				0F367E121D761BE800D7EA1E /* Release */,
			);
			defaultConfigurationIsVisible = 0;
		};
/* End XCConfigurationList section */
	};
	rootObject = 0F367E011D761BE800D7EA1E /* Project object */;
}
